
Microsoft Visual Studio Solution File, Format Version 12.00
# Visual Studio Version 16
VisualStudioVersion = 16.0.29209.62
MinimumVisualStudioVersion = 10.0.40219.1
Project("{FAE04EC0-301F-11D3-BF4B-00C04F79EFBC}") = "DreadBot", "source\DreadBot.csproj", "{8513AAAB-322A-404B-BDA6-4F58A2E4129F}"
EndProject
Global
	GlobalSection(SolutionConfigurationPlatforms) = preSolution
		Debug|Any CPU = Debug|Any CPU
		Release|Any CPU = Release|Any CPU
		x64|Any CPU = x64|Any CPU
	EndGlobalSection
	GlobalSection(ProjectConfigurationPlatforms) = postSolution
		{8513AAAB-322A-404B-BDA6-4F58A2E4129F}.Debug|Any CPU.ActiveCfg = Debug|x64
		{8513AAAB-322A-404B-BDA6-4F58A2E4129F}.Debug|Any CPU.Build.0 = Debug|x64
		{8513AAAB-322A-404B-BDA6-4F58A2E4129F}.Release|Any CPU.ActiveCfg = Release|Any CPU
		{8513AAAB-322A-404B-BDA6-4F58A2E4129F}.Release|Any CPU.Build.0 = Release|Any CPU
		{8513AAAB-322A-404B-BDA6-4F58A2E4129F}.x64|Any CPU.ActiveCfg = x64|x64
		{8513AAAB-322A-404B-BDA6-4F58A2E4129F}.x64|Any CPU.Build.0 = x64|x64
	EndGlobalSection
	GlobalSection(SolutionProperties) = preSolution
		HideSolutionNode = FALSE
	EndGlobalSection
	GlobalSection(ExtensibilityGlobals) = postSolution
		SolutionGuid = {ED3F05F9-F198-4047-9090-17C3F0595FAB}
	EndGlobalSection
EndGlobal
