
Microsoft Visual Studio Solution File, Format Version 12.00
# Visual Studio 15
VisualStudioVersion = 15.0.27703.2042
MinimumVisualStudioVersion = 10.0.40219.1
Project("{FAE04EC0-301F-11D3-BF4B-00C04F79EFBC}") = "DreadBot", "DreadBot\DreadBot.csproj", "{FFB74D20-85C9-411E-B9FA-9A9B856F6690}"
EndProject
Global
	GlobalSection(SolutionConfigurationPlatforms) = preSolution
		Debug|Any CPU = Debug|Any CPU
		Release|Any CPU = Release|Any CPU
	EndGlobalSection
	GlobalSection(ProjectConfigurationPlatforms) = postSolution
		{FFB74D20-85C9-411E-B9FA-9A9B856F6690}.Debug|Any CPU.ActiveCfg = Debug|Any CPU
		{FFB74D20-85C9-411E-B9FA-9A9B856F6690}.Debug|Any CPU.Build.0 = Debug|Any CPU
		{FFB74D20-85C9-411E-B9FA-9A9B856F6690}.Release|Any CPU.ActiveCfg = Release|Any CPU
		{FFB74D20-85C9-411E-B9FA-9A9B856F6690}.Release|Any CPU.Build.0 = Release|Any CPU
	EndGlobalSection
	GlobalSection(SolutionProperties) = preSolution
		HideSolutionNode = FALSE
	EndGlobalSection
	GlobalSection(ExtensibilityGlobals) = postSolution
		SolutionGuid = {ED3F05F9-F198-4047-9090-17C3F0595FAB}
	EndGlobalSection
EndGlobal
