
Microsoft Visual Studio Solution File, Format Version 12.00
# Visual Studio 15
VisualStudioVersion = 15.0.27428.2037
MinimumVisualStudioVersion = 10.0.40219.1
Project("{FAE04EC0-301F-11D3-BF4B-00C04F79EFBC}") = "GroupGuardian", "GroupGuardian\GroupGuardian.csproj", "{CC9DFFA6-A217-4FD0-A8C0-2A68608080D0}"
EndProject
Global
	GlobalSection(SolutionConfigurationPlatforms) = preSolution
		Debug|Any CPU = Debug|Any CPU
		Release|Any CPU = Release|Any CPU
	EndGlobalSection
	GlobalSection(ProjectConfigurationPlatforms) = postSolution
		{CC9DFFA6-A217-4FD0-A8C0-2A68608080D0}.Debug|Any CPU.ActiveCfg = Debug|Any CPU
		{CC9DFFA6-A217-4FD0-A8C0-2A68608080D0}.Debug|Any CPU.Build.0 = Debug|Any CPU
		{CC9DFFA6-A217-4FD0-A8C0-2A68608080D0}.Release|Any CPU.ActiveCfg = Release|Any CPU
		{CC9DFFA6-A217-4FD0-A8C0-2A68608080D0}.Release|Any CPU.Build.0 = Release|Any CPU
	EndGlobalSection
	GlobalSection(SolutionProperties) = preSolution
		HideSolutionNode = FALSE
	EndGlobalSection
	GlobalSection(ExtensibilityGlobals) = postSolution
		SolutionGuid = {B12F584E-2453-48DF-93CE-4CE9BB3DC675}
	EndGlobalSection
EndGlobal
